
Microsoft Visual Studio Solution File, Format Version 12.00
# Visual Studio Version 17
VisualStudioVersion = 17.7.34221.43
MinimumVisualStudioVersion = 10.0.40219.1
Project("{54A90642-561A-4BB1-A94E-469ADEE60C69}") = "AngularCalculator", "AngularCalculator\AngularCalculator.esproj", "{E4112119-14C9-4A42-8E46-71325D184EF2}"
EndProject
Global
	GlobalSection(SolutionConfigurationPlatforms) = preSolution
		Debug|Any CPU = Debug|Any CPU
		Release|Any CPU = Release|Any CPU
	EndGlobalSection
	GlobalSection(ProjectConfigurationPlatforms) = postSolution
		{E4112119-14C9-4A42-8E46-71325D184EF2}.Debug|Any CPU.ActiveCfg = Debug|Any CPU
		{E4112119-14C9-4A42-8E46-71325D184EF2}.Debug|Any CPU.Build.0 = Debug|Any CPU
		{E4112119-14C9-4A42-8E46-71325D184EF2}.Debug|Any CPU.Deploy.0 = Debug|Any CPU
		{E4112119-14C9-4A42-8E46-71325D184EF2}.Release|Any CPU.ActiveCfg = Release|Any CPU
		{E4112119-14C9-4A42-8E46-71325D184EF2}.Release|Any CPU.Build.0 = Release|Any CPU
		{E4112119-14C9-4A42-8E46-71325D184EF2}.Release|Any CPU.Deploy.0 = Release|Any CPU
	EndGlobalSection
	GlobalSection(SolutionProperties) = preSolution
		HideSolutionNode = FALSE
	EndGlobalSection
	GlobalSection(ExtensibilityGlobals) = postSolution
		SolutionGuid = {90F12612-FA95-4982-ABA2-223201D22FF4}
	EndGlobalSection
EndGlobal
